// !$*UTF8*$!
{
	archiveVersion = 1;
	classes = {
	};
	objectVersion = 50;
	objects = {

/* Begin PBXBuildFile section */
		EBBF276420DC6A84006AB97F /* AppDelegate.swift in Sources */ = {isa = PBXBuildFile; fileRef = EBBF276320DC6A84006AB97F /* AppDelegate.swift */; };
		EBBF276620DC6A84006AB97F /* art.scnassets in Resources */ = {isa = PBXBuildFile; fileRef = EBBF276520DC6A84006AB97F /* art.scnassets */; };
		EBBF276820DC6A84006AB97F /* ViewController.swift in Sources */ = {isa = PBXBuildFile; fileRef = EBBF276720DC6A84006AB97F /* ViewController.swift */; };
		EBBF276B20DC6A84006AB97F /* Main.storyboard in Resources */ = {isa = PBXBuildFile; fileRef = EBBF276920DC6A84006AB97F /* Main.storyboard */; };
		EBBF276D20DC6A85006AB97F /* Assets.xcassets in Resources */ = {isa = PBXBuildFile; fileRef = EBBF276C20DC6A85006AB97F /* Assets.xcassets */; };
		EBBF277020DC6A85006AB97F /* LaunchScreen.storyboard in Resources */ = {isa = PBXBuildFile; fileRef = EBBF276E20DC6A85006AB97F /* LaunchScreen.storyboard */; };
/* End PBXBuildFile section */

/* Begin PBXFileReference section */
		EBBF276020DC6A84006AB97F /* World Tracking.app */ = {isa = PBXFileReference; explicitFileType = wrapper.application; includeInIndex = 0; path = "World Tracking.app"; sourceTree = BUILT_PRODUCTS_DIR; };
		EBBF276320DC6A84006AB97F /* AppDelegate.swift */ = {isa = PBXFileReference; lastKnownFileType = sourcecode.swift; path = AppDelegate.swift; sourceTree = "<group>"; };
		EBBF276520DC6A84006AB97F /* art.scnassets */ = {isa = PBXFileReference; lastKnownFileType = wrapper.scnassets; path = art.scnassets; sourceTree = "<group>"; };
		EBBF276720DC6A84006AB97F /* ViewController.swift */ = {isa = PBXFileReference; lastKnownFileType = sourcecode.swift; path = ViewController.swift; sourceTree = "<group>"; };
		EBBF276A20DC6A84006AB97F /* Base */ = {isa = PBXFileReference; lastKnownFileType = file.storyboard; name = Base; path = Base.lproj/Main.storyboard; sourceTree = "<group>"; };
		EBBF276C20DC6A85006AB97F /* Assets.xcassets */ = {isa = PBXFileReference; lastKnownFileType = folder.assetcatalog; path = Assets.xcassets; sourceTree = "<group>"; };
		EBBF276F20DC6A85006AB97F /* Base */ = {isa = PBXFileReference; lastKnownFileType = file.storyboard; name = Base; path = Base.lproj/LaunchScreen.storyboard; sourceTree = "<group>"; };
		EBBF277120DC6A85006AB97F /* Info.plist */ = {isa = PBXFileReference; lastKnownFileType = text.plist.xml; path = Info.plist; sourceTree = "<group>"; };
/* End PBXFileReference section */

/* Begin PBXFrameworksBuildPhase section */
		EBBF275D20DC6A84006AB97F /* Frameworks */ = {
			isa = PBXFrameworksBuildPhase;
			buildActionMask = 2147483647;
			files = (
			);
			runOnlyForDeploymentPostprocessing = 0;
		};
/* End PBXFrameworksBuildPhase section */

/* Begin PBXGroup section */
		EBBF275720DC6A84006AB97F = {
			isa = PBXGroup;
			children = (
				EBBF276220DC6A84006AB97F /* World Tracking */,
				EBBF276120DC6A84006AB97F /* Products */,
			);
			sourceTree = "<group>";
		};
		EBBF276120DC6A84006AB97F /* Products */ = {
			isa = PBXGroup;
			children = (
				EBBF276020DC6A84006AB97F /* World Tracking.app */,
			);
			name = Products;
			sourceTree = "<group>";
		};
		EBBF276220DC6A84006AB97F /* World Tracking */ = {
			isa = PBXGroup;
			children = (
				EBBF276320DC6A84006AB97F /* AppDelegate.swift */,
				EBBF276520DC6A84006AB97F /* art.scnassets */,
				EBBF276720DC6A84006AB97F /* ViewController.swift */,
				EBBF276920DC6A84006AB97F /* Main.storyboard */,
				EBBF276C20DC6A85006AB97F /* Assets.xcassets */,
				EBBF276E20DC6A85006AB97F /* LaunchScreen.storyboard */,
				EBBF277120DC6A85006AB97F /* Info.plist */,
			);
			path = "World Tracking";
			sourceTree = "<group>";
		};
/* End PBXGroup section */

/* Begin PBXNativeTarget section */
		EBBF275F20DC6A84006AB97F /* World Tracking */ = {
			isa = PBXNativeTarget;
			buildConfigurationList = EBBF277420DC6A85006AB97F /* Build configuration list for PBXNativeTarget "World Tracking" */;
			buildPhases = (
				EBBF275C20DC6A84006AB97F /* Sources */,
				EBBF275D20DC6A84006AB97F /* Frameworks */,
				EBBF275E20DC6A84006AB97F /* Resources */,
			);
			buildRules = (
			);
			dependencies = (
			);
			name = "World Tracking";
			productName = "World Tracking";
			productReference = EBBF276020DC6A84006AB97F /* World Tracking.app */;
			productType = "com.apple.product-type.application";
		};
/* End PBXNativeTarget section */

/* Begin PBXProject section */
		EBBF275820DC6A84006AB97F /* Project object */ = {
			isa = PBXProject;
			attributes = {
				LastSwiftUpdateCheck = 0940;
				LastUpgradeCheck = 0940;
				ORGANIZATIONNAME = "Pajama Donkey";
				TargetAttributes = {
					EBBF275F20DC6A84006AB97F = {
						CreatedOnToolsVersion = 9.4.1;
					};
				};
			};
			buildConfigurationList = EBBF275B20DC6A84006AB97F /* Build configuration list for PBXProject "World Tracking" */;
			compatibilityVersion = "Xcode 9.3";
			developmentRegion = en;
			hasScannedForEncodings = 0;
			knownRegions = (
				en,
				Base,
			);
			mainGroup = EBBF275720DC6A84006AB97F;
			productRefGroup = EBBF276120DC6A84006AB97F /* Products */;
			projectDirPath = "";
			projectRoot = "";
			targets = (
				EBBF275F20DC6A84006AB97F /* World Tracking */,
			);
		};
/* End PBXProject section */

/* Begin PBXResourcesBuildPhase section */
		EBBF275E20DC6A84006AB97F /* Resources */ = {
			isa = PBXResourcesBuildPhase;
			buildActionMask = 2147483647;
			files = (
				EBBF276620DC6A84006AB97F /* art.scnassets in Resources */,
				EBBF277020DC6A85006AB97F /* LaunchScreen.storyboard in Resources */,
				EBBF276D20DC6A85006AB97F /* Assets.xcassets in Resources */,
				EBBF276B20DC6A84006AB97F /* Main.storyboard in Resources */,
			);
			runOnlyForDeploymentPostprocessing = 0;
		};
/* End PBXResourcesBuildPhase section */

/* Begin PBXSourcesBuildPhase section */
		EBBF275C20DC6A84006AB97F /* Sources */ = {
			isa = PBXSourcesBuildPhase;
			buildActionMask = 2147483647;
			files = (
				EBBF276820DC6A84006AB97F /* ViewController.swift in Sources */,
				EBBF276420DC6A84006AB97F /* AppDelegate.swift in Sources */,
			);
			runOnlyForDeploymentPostprocessing = 0;
		};
/* End PBXSourcesBuildPhase section */

/* Begin PBXVariantGroup section */
		EBBF276920DC6A84006AB97F /* Main.storyboard */ = {
			isa = PBXVariantGroup;
			children = (
				EBBF276A20DC6A84006AB97F /* Base */,
			);
			name = Main.storyboard;
			sourceTree = "<group>";
		};
		EBBF276E20DC6A85006AB97F /* LaunchScreen.storyboard */ = {
			isa = PBXVariantGroup;
			children = (
				EBBF276F20DC6A85006AB97F /* Base */,
			);
			name = LaunchScreen.storyboard;
			sourceTree = "<group>";
		};
/* End PBXVariantGroup section */

/* Begin XCBuildConfiguration section */
		EBBF277220DC6A85006AB97F /* Debug */ = {
			isa = XCBuildConfiguration;
			buildSettings = {
				ALWAYS_SEARCH_USER_PATHS = NO;
				CLANG_ANALYZER_NONNULL = YES;
				CLANG_ANALYZER_NUMBER_OBJECT_CONVERSION = YES_AGGRESSIVE;
				CLANG_CXX_LANGUAGE_STANDARD = "gnu++14";
				CLANG_CXX_LIBRARY = "libc++";
				CLANG_ENABLE_MODULES = YES;
				CLANG_ENABLE_OBJC_ARC = YES;
				CLANG_ENABLE_OBJC_WEAK = YES;
				CLANG_WARN_BLOCK_CAPTURE_AUTORELEASING = YES;
				CLANG_WARN_BOOL_CONVERSION = YES;
				CLANG_WARN_COMMA = YES;
				CLANG_WARN_CONSTANT_CONVERSION = YES;
				CLANG_WARN_DEPRECATED_OBJC_IMPLEMENTATIONS = YES;
				CLANG_WARN_DIRECT_OBJC_ISA_USAGE = YES_ERROR;
				CLANG_WARN_DOCUMENTATION_COMMENTS = YES;
				CLANG_WARN_EMPTY_BODY = YES;
				CLANG_WARN_ENUM_CONVERSION = YES;
				CLANG_WARN_INFINITE_RECURSION = YES;
				CLANG_WARN_INT_CONVERSION = YES;
				CLANG_WARN_NON_LITERAL_NULL_CONVERSION = YES;
				CLANG_WARN_OBJC_IMPLICIT_RETAIN_SELF = YES;
				CLANG_WARN_OBJC_LITERAL_CONVERSION = YES;
				CLANG_WARN_OBJC_ROOT_CLASS = YES_ERROR;
				CLANG_WARN_RANGE_LOOP_ANALYSIS = YES;
				CLANG_WARN_STRICT_PROTOTYPES = YES;
				CLANG_WARN_SUSPICIOUS_MOVE = YES;
				CLANG_WARN_UNGUARDED_AVAILABILITY = YES_AGGRESSIVE;
				CLANG_WARN_UNREACHABLE_CODE = YES;
				CLANG_WARN__DUPLICATE_METHOD_MATCH = YES;
				CODE_SIGN_IDENTITY = "iPhone Developer";
				COPY_PHASE_STRIP = NO;
				DEBUG_INFORMATION_FORMAT = dwarf;
				ENABLE_STRICT_OBJC_MSGSEND = YES;
				ENABLE_TESTABILITY = YES;
				GCC_C_LANGUAGE_STANDARD = gnu11;
				GCC_DYNAMIC_NO_PIC = NO;
				GCC_NO_COMMON_BLOCKS = YES;
				GCC_OPTIMIZATION_LEVEL = 0;
				GCC_PREPROCESSOR_DEFINITIONS = (
					"DEBUG=1",
					"$(inherited)",
				);
				GCC_WARN_64_TO_32_BIT_CONVERSION = YES;
				GCC_WARN_ABOUT_RETURN_TYPE = YES_ERROR;
				GCC_WARN_UNDECLARED_SELECTOR = YES;
				GCC_WARN_UNINITIALIZED_AUTOS = YES_AGGRESSIVE;
				GCC_WARN_UNUSED_FUNCTION = YES;
				GCC_WARN_UNUSED_VARIABLE = YES;
				IPHONEOS_DEPLOYMENT_TARGET = 11.4;
				MTL_ENABLE_DEBUG_INFO = YES;
				ONLY_ACTIVE_ARCH = YES;
				SDKROOT = iphoneos;
				SWIFT_ACTIVE_COMPILATION_CONDITIONS = DEBUG;
				SWIFT_OPTIMIZATION_LEVEL = "-Onone";
			};
			name = Debug;
		};
		EBBF277320DC6A85006AB97F /* Release */ = {
			isa = XCBuildConfiguration;
			buildSettings = {
				ALWAYS_SEARCH_USER_PATHS = NO;
				CLANG_ANALYZER_NONNULL = YES;
				CLANG_ANALYZER_NUMBER_OBJECT_CONVERSION = YES_AGGRESSIVE;
				CLANG_CXX_LANGUAGE_STANDARD = "gnu++14";
				CLANG_CXX_LIBRARY = "libc++";
				CLANG_ENABLE_MODULES = YES;
				CLANG_ENABLE_OBJC_ARC = YES;
				CLANG_ENABLE_OBJC_WEAK = YES;
				CLANG_WARN_BLOCK_CAPTURE_AUTORELEASING = YES;
				CLANG_WARN_BOOL_CONVERSION = YES;
				CLANG_WARN_COMMA = YES;
				CLANG_WARN_CONSTANT_CONVERSION = YES;
				CLANG_WARN_DEPRECATED_OBJC_IMPLEMENTATIONS = YES;
				CLANG_WARN_DIRECT_OBJC_ISA_USAGE = YES_ERROR;
				CLANG_WARN_DOCUMENTATION_COMMENTS = YES;
				CLANG_WARN_EMPTY_BODY = YES;
				CLANG_WARN_ENUM_CONVERSION = YES;
				CLANG_WARN_INFINITE_RECURSION = YES;
				CLANG_WARN_INT_CONVERSION = YES;
				CLANG_WARN_NON_LITERAL_NULL_CONVERSION = YES;
				CLANG_WARN_OBJC_IMPLICIT_RETAIN_SELF = YES;
				CLANG_WARN_OBJC_LITERAL_CONVERSION = YES;
				CLANG_WARN_OBJC_ROOT_CLASS = YES_ERROR;
				CLANG_WARN_RANGE_LOOP_ANALYSIS = YES;
				CLANG_WARN_STRICT_PROTOTYPES = YES;
				CLANG_WARN_SUSPICIOUS_MOVE = YES;
				CLANG_WARN_UNGUARDED_AVAILABILITY = YES_AGGRESSIVE;
				CLANG_WARN_UNREACHABLE_CODE = YES;
				CLANG_WARN__DUPLICATE_METHOD_MATCH = YES;
				CODE_SIGN_IDENTITY = "iPhone Developer";
				COPY_PHASE_STRIP = NO;
				DEBUG_INFORMATION_FORMAT = "dwarf-with-dsym";
				ENABLE_NS_ASSERTIONS = NO;
				ENABLE_STRICT_OBJC_MSGSEND = YES;
				GCC_C_LANGUAGE_STANDARD = gnu11;
				GCC_NO_COMMON_BLOCKS = YES;
				GCC_WARN_64_TO_32_BIT_CONVERSION = YES;
				GCC_WARN_ABOUT_RETURN_TYPE = YES_ERROR;
				GCC_WARN_UNDECLARED_SELECTOR = YES;
				GCC_WARN_UNINITIALIZED_AUTOS = YES_AGGRESSIVE;
				GCC_WARN_UNUSED_FUNCTION = YES;
				GCC_WARN_UNUSED_VARIABLE = YES;
				IPHONEOS_DEPLOYMENT_TARGET = 11.4;
				MTL_ENABLE_DEBUG_INFO = NO;
				SDKROOT = iphoneos;
				SWIFT_COMPILATION_MODE = wholemodule;
				SWIFT_OPTIMIZATION_LEVEL = "-O";
				VALIDATE_PRODUCT = YES;
			};
			name = Release;
		};
		EBBF277520DC6A85006AB97F /* Debug */ = {
			isa = XCBuildConfiguration;
			buildSettings = {
				ASSETCATALOG_COMPILER_APPICON_NAME = AppIcon;
				CODE_SIGN_STYLE = Automatic;
				DEVELOPMENT_TEAM = KGN74LR43U;
				INFOPLIST_FILE = "World Tracking/Info.plist";
				LD_RUNPATH_SEARCH_PATHS = (
					"$(inherited)",
					"@executable_path/Frameworks",
				);
				PRODUCT_BUNDLE_IDENTIFIER = "com.pajamadonkey.World-Tracking";
				PRODUCT_NAME = "$(TARGET_NAME)";
				SWIFT_VERSION = 4.0;
				TARGETED_DEVICE_FAMILY = "1,2";
			};
			name = Debug;
		};
		EBBF277620DC6A85006AB97F /* Release */ = {
			isa = XCBuildConfiguration;
			buildSettings = {
				ASSETCATALOG_COMPILER_APPICON_NAME = AppIcon;
				CODE_SIGN_STYLE = Automatic;
				DEVELOPMENT_TEAM = KGN74LR43U;
				INFOPLIST_FILE = "World Tracking/Info.plist";
				LD_RUNPATH_SEARCH_PATHS = (
					"$(inherited)",
					"@executable_path/Frameworks",
				);
				PRODUCT_BUNDLE_IDENTIFIER = "com.pajamadonkey.World-Tracking";
				PRODUCT_NAME = "$(TARGET_NAME)";
				SWIFT_VERSION = 4.0;
				TARGETED_DEVICE_FAMILY = "1,2";
			};
			name = Release;
		};
/* End XCBuildConfiguration section */

/* Begin XCConfigurationList section */
		EBBF275B20DC6A84006AB97F /* Build configuration list for PBXProject "World Tracking" */ = {
			isa = XCConfigurationList;
			buildConfigurations = (
				EBBF277220DC6A85006AB97F /* Debug */,
				EBBF277320DC6A85006AB97F /* Release */,
			);
			defaultConfigurationIsVisible = 0;
			defaultConfigurationName = Release;
		};
		EBBF277420DC6A85006AB97F /* Build configuration list for PBXNativeTarget "World Tracking" */ = {
			isa = XCConfigurationList;
			buildConfigurations = (
				EBBF277520DC6A85006AB97F /* Debug */,
				EBBF277620DC6A85006AB97F /* Release */,
			);
			defaultConfigurationIsVisible = 0;
			defaultConfigurationName = Release;
		};
/* End XCConfigurationList section */
	};
	rootObject = EBBF275820DC6A84006AB97F /* Project object */;
}
